
Microsoft Visual Studio Solution File, Format Version 12.00
# Visual Studio Version 17
VisualStudioVersion = 17.7.34221.43
MinimumVisualStudioVersion = 10.0.40219.1
Project("{FAE04EC0-301F-11D3-BF4B-00C04F79EFBC}") = "Prédio Comercial", "Prédio Comercial\Prédio Comercial.csproj", "{EDDFBFBF-8076-4BBE-B2E3-243E9E8737C3}"
EndProject
Global
	GlobalSection(SolutionConfigurationPlatforms) = preSolution
		Debug|Any CPU = Debug|Any CPU
		Release|Any CPU = Release|Any CPU
	EndGlobalSection
	GlobalSection(ProjectConfigurationPlatforms) = postSolution
		{EDDFBFBF-8076-4BBE-B2E3-243E9E8737C3}.Debug|Any CPU.ActiveCfg = Debug|Any CPU
		{EDDFBFBF-8076-4BBE-B2E3-243E9E8737C3}.Debug|Any CPU.Build.0 = Debug|Any CPU
		{EDDFBFBF-8076-4BBE-B2E3-243E9E8737C3}.Release|Any CPU.ActiveCfg = Release|Any CPU
		{EDDFBFBF-8076-4BBE-B2E3-243E9E8737C3}.Release|Any CPU.Build.0 = Release|Any CPU
	EndGlobalSection
	GlobalSection(SolutionProperties) = preSolution
		HideSolutionNode = FALSE
	EndGlobalSection
	GlobalSection(ExtensibilityGlobals) = postSolution
		SolutionGuid = {0C21AE56-58CE-427A-8C4E-76435496761B}
	EndGlobalSection
EndGlobal
